
Microsoft Visual Studio Solution File, Format Version 12.00
# Visual Studio Version 16
VisualStudioVersion = 16.0.28803.352
MinimumVisualStudioVersion = 10.0.40219.1
Project("{9A19103F-16F7-4668-BE54-9A1E7A4F7556}") = "SignalRChatJS02", "SignalRChatJS02\SignalRChatJS02.csproj", "{00A5E89C-E278-418D-99B3-60AD6CC7A44A}"
EndProject
Global
	GlobalSection(SolutionConfigurationPlatforms) = preSolution
		Debug|Any CPU = Debug|Any CPU
		Release|Any CPU = Release|Any CPU
	EndGlobalSection
	GlobalSection(ProjectConfigurationPlatforms) = postSolution
		{00A5E89C-E278-418D-99B3-60AD6CC7A44A}.Debug|Any CPU.ActiveCfg = Debug|Any CPU
		{00A5E89C-E278-418D-99B3-60AD6CC7A44A}.Debug|Any CPU.Build.0 = Debug|Any CPU
		{00A5E89C-E278-418D-99B3-60AD6CC7A44A}.Release|Any CPU.ActiveCfg = Release|Any CPU
		{00A5E89C-E278-418D-99B3-60AD6CC7A44A}.Release|Any CPU.Build.0 = Release|Any CPU
	EndGlobalSection
	GlobalSection(SolutionProperties) = preSolution
		HideSolutionNode = FALSE
	EndGlobalSection
	GlobalSection(ExtensibilityGlobals) = postSolution
		SolutionGuid = {D61E393B-1378-4DA9-8D4B-4007E7DE81EF}
	EndGlobalSection
EndGlobal
